
Microsoft Visual Studio Solution File, Format Version 12.00
# Visual Studio 15
VisualStudioVersion = 15.0.28010.2048
MinimumVisualStudioVersion = 10.0.40219.1
Project("{FAE04EC0-301F-11D3-BF4B-00C04F79EFBC}") = "Monopoly", "Monopoly\Monopoly.csproj", "{814AAC1D-0642-461B-9E8B-B4EBA5B56807}"
EndProject
Global
	GlobalSection(SolutionConfigurationPlatforms) = preSolution
		Debug|Any CPU = Debug|Any CPU
		Release|Any CPU = Release|Any CPU
	EndGlobalSection
	GlobalSection(ProjectConfigurationPlatforms) = postSolution
		{814AAC1D-0642-461B-9E8B-B4EBA5B56807}.Debug|Any CPU.ActiveCfg = Debug|Any CPU
		{814AAC1D-0642-461B-9E8B-B4EBA5B56807}.Debug|Any CPU.Build.0 = Debug|Any CPU
		{814AAC1D-0642-461B-9E8B-B4EBA5B56807}.Release|Any CPU.ActiveCfg = Release|Any CPU
		{814AAC1D-0642-461B-9E8B-B4EBA5B56807}.Release|Any CPU.Build.0 = Release|Any CPU
	EndGlobalSection
	GlobalSection(SolutionProperties) = preSolution
		HideSolutionNode = FALSE
	EndGlobalSection
	GlobalSection(ExtensibilityGlobals) = postSolution
		SolutionGuid = {AB0E3F4C-8638-4790-8C10-68571354A790}
	EndGlobalSection
EndGlobal
